
Microsoft Visual Studio Solution File, Format Version 12.00
# Visual Studio 14
VisualStudioVersion = 14.0.25420.1
MinimumVisualStudioVersion = 10.0.40219.1
Project("{FAE04EC0-301F-11D3-BF4B-00C04F79EFBC}") = "WpfApplication1", "WpfApplication1\WpfApplication1.csproj", "{27B8EF42-3F2F-48BA-AA07-6D5DF99FC63F}"
EndProject
Project("{FAE04EC0-301F-11D3-BF4B-00C04F79EFBC}") = "RandomWordsApp.Android", "RandomWordsApp\RandomWordsApp.Android\RandomWordsApp.Android.csproj", "{6DBA454A-5622-4B05-909A-FDDC5410CF22}"
EndProject
Project("{FAE04EC0-301F-11D3-BF4B-00C04F79EFBC}") = "RandomWordsApp", "RandomWordsApp\RandomWordsApp\RandomWordsApp.csproj", "{5FA6782A-B607-460C-8544-7AEC201F2523}"
EndProject
Project("{FAE04EC0-301F-11D3-BF4B-00C04F79EFBC}") = "RandomWordsApp.UWP", "RandomWordsApp\RandomWordsApp.UWP\RandomWordsApp.UWP.csproj", "{30CFD019-837C-4C70-8F52-EFE3FFB88CEF}"
EndProject
Project("{FAE04EC0-301F-11D3-BF4B-00C04F79EFBC}") = "RandomWordsApp.iOS", "RandomWordsApp\RandomWordsApp.iOS\RandomWordsApp.iOS.csproj", "{630D35C9-E2B8-4A8F-934C-286DD3A922B5}"
EndProject
Global
	GlobalSection(SolutionConfigurationPlatforms) = preSolution
		Ad-Hoc|Any CPU = Ad-Hoc|Any CPU
		Ad-Hoc|ARM = Ad-Hoc|ARM
		Ad-Hoc|iPhone = Ad-Hoc|iPhone
		Ad-Hoc|iPhoneSimulator = Ad-Hoc|iPhoneSimulator
		Ad-Hoc|x64 = Ad-Hoc|x64
		Ad-Hoc|x86 = Ad-Hoc|x86
		AppStore|Any CPU = AppStore|Any CPU
		AppStore|ARM = AppStore|ARM
		AppStore|iPhone = AppStore|iPhone
		AppStore|iPhoneSimulator = AppStore|iPhoneSimulator
		AppStore|x64 = AppStore|x64
		AppStore|x86 = AppStore|x86
		Debug|Any CPU = Debug|Any CPU
		Debug|ARM = Debug|ARM
		Debug|iPhone = Debug|iPhone
		Debug|iPhoneSimulator = Debug|iPhoneSimulator
		Debug|x64 = Debug|x64
		Debug|x86 = Debug|x86
		Release|Any CPU = Release|Any CPU
		Release|ARM = Release|ARM
		Release|iPhone = Release|iPhone
		Release|iPhoneSimulator = Release|iPhoneSimulator
		Release|x64 = Release|x64
		Release|x86 = Release|x86
	EndGlobalSection
	GlobalSection(ProjectConfigurationPlatforms) = postSolution
		{27B8EF42-3F2F-48BA-AA07-6D5DF99FC63F}.Ad-Hoc|Any CPU.ActiveCfg = Release|Any CPU
		{27B8EF42-3F2F-48BA-AA07-6D5DF99FC63F}.Ad-Hoc|Any CPU.Build.0 = Release|Any CPU
		{27B8EF42-3F2F-48BA-AA07-6D5DF99FC63F}.Ad-Hoc|ARM.ActiveCfg = Release|Any CPU
		{27B8EF42-3F2F-48BA-AA07-6D5DF99FC63F}.Ad-Hoc|ARM.Build.0 = Release|Any CPU
		{27B8EF42-3F2F-48BA-AA07-6D5DF99FC63F}.Ad-Hoc|iPhone.ActiveCfg = Release|Any CPU
		{27B8EF42-3F2F-48BA-AA07-6D5DF99FC63F}.Ad-Hoc|iPhone.Build.0 = Release|Any CPU
		{27B8EF42-3F2F-48BA-AA07-6D5DF99FC63F}.Ad-Hoc|iPhoneSimulator.ActiveCfg = Release|Any CPU
		{27B8EF42-3F2F-48BA-AA07-6D5DF99FC63F}.Ad-Hoc|iPhoneSimulator.Build.0 = Release|Any CPU
		{27B8EF42-3F2F-48BA-AA07-6D5DF99FC63F}.Ad-Hoc|x64.ActiveCfg = Release|Any CPU
		{27B8EF42-3F2F-48BA-AA07-6D5DF99FC63F}.Ad-Hoc|x64.Build.0 = Release|Any CPU
		{27B8EF42-3F2F-48BA-AA07-6D5DF99FC63F}.Ad-Hoc|x86.ActiveCfg = Release|Any CPU
		{27B8EF42-3F2F-48BA-AA07-6D5DF99FC63F}.Ad-Hoc|x86.Build.0 = Release|Any CPU
		{27B8EF42-3F2F-48BA-AA07-6D5DF99FC63F}.AppStore|Any CPU.ActiveCfg = Release|Any CPU
		{27B8EF42-3F2F-48BA-AA07-6D5DF99FC63F}.AppStore|Any CPU.Build.0 = Release|Any CPU
		{27B8EF42-3F2F-48BA-AA07-6D5DF99FC63F}.AppStore|ARM.ActiveCfg = Release|Any CPU
		{27B8EF42-3F2F-48BA-AA07-6D5DF99FC63F}.AppStore|ARM.Build.0 = Release|Any CPU
		{27B8EF42-3F2F-48BA-AA07-6D5DF99FC63F}.AppStore|iPhone.ActiveCfg = Release|Any CPU
		{27B8EF42-3F2F-48BA-AA07-6D5DF99FC63F}.AppStore|iPhone.Build.0 = Release|Any CPU
		{27B8EF42-3F2F-48BA-AA07-6D5DF99FC63F}.AppStore|iPhoneSimulator.ActiveCfg = Release|Any CPU
		{27B8EF42-3F2F-48BA-AA07-6D5DF99FC63F}.AppStore|iPhoneSimulator.Build.0 = Release|Any CPU
		{27B8EF42-3F2F-48BA-AA07-6D5DF99FC63F}.AppStore|x64.ActiveCfg = Release|Any CPU
		{27B8EF42-3F2F-48BA-AA07-6D5DF99FC63F}.AppStore|x64.Build.0 = Release|Any CPU
		{27B8EF42-3F2F-48BA-AA07-6D5DF99FC63F}.AppStore|x86.ActiveCfg = Release|Any CPU
		{27B8EF42-3F2F-48BA-AA07-6D5DF99FC63F}.AppStore|x86.Build.0 = Release|Any CPU
		{27B8EF42-3F2F-48BA-AA07-6D5DF99FC63F}.Debug|Any CPU.ActiveCfg = Debug|Any CPU
		{27B8EF42-3F2F-48BA-AA07-6D5DF99FC63F}.Debug|Any CPU.Build.0 = Debug|Any CPU
		{27B8EF42-3F2F-48BA-AA07-6D5DF99FC63F}.Debug|ARM.ActiveCfg = Debug|Any CPU
		{27B8EF42-3F2F-48BA-AA07-6D5DF99FC63F}.Debug|ARM.Build.0 = Debug|Any CPU
		{27B8EF42-3F2F-48BA-AA07-6D5DF99FC63F}.Debug|iPhone.ActiveCfg = Debug|Any CPU
		{27B8EF42-3F2F-48BA-AA07-6D5DF99FC63F}.Debug|iPhone.Build.0 = Debug|Any CPU
		{27B8EF42-3F2F-48BA-AA07-6D5DF99FC63F}.Debug|iPhoneSimulator.ActiveCfg = Debug|Any CPU
		{27B8EF42-3F2F-48BA-AA07-6D5DF99FC63F}.Debug|iPhoneSimulator.Build.0 = Debug|Any CPU
		{27B8EF42-3F2F-48BA-AA07-6D5DF99FC63F}.Debug|x64.ActiveCfg = Debug|Any CPU
		{27B8EF42-3F2F-48BA-AA07-6D5DF99FC63F}.Debug|x64.Build.0 = Debug|Any CPU
		{27B8EF42-3F2F-48BA-AA07-6D5DF99FC63F}.Debug|x86.ActiveCfg = Debug|Any CPU
		{27B8EF42-3F2F-48BA-AA07-6D5DF99FC63F}.Debug|x86.Build.0 = Debug|Any CPU
		{27B8EF42-3F2F-48BA-AA07-6D5DF99FC63F}.Release|Any CPU.ActiveCfg = Release|Any CPU
		{27B8EF42-3F2F-48BA-AA07-6D5DF99FC63F}.Release|Any CPU.Build.0 = Release|Any CPU
		{27B8EF42-3F2F-48BA-AA07-6D5DF99FC63F}.Release|ARM.ActiveCfg = Release|Any CPU
		{27B8EF42-3F2F-48BA-AA07-6D5DF99FC63F}.Release|ARM.Build.0 = Release|Any CPU
		{27B8EF42-3F2F-48BA-AA07-6D5DF99FC63F}.Release|iPhone.ActiveCfg = Release|Any CPU
		{27B8EF42-3F2F-48BA-AA07-6D5DF99FC63F}.Release|iPhone.Build.0 = Release|Any CPU
		{27B8EF42-3F2F-48BA-AA07-6D5DF99FC63F}.Release|iPhoneSimulator.ActiveCfg = Release|Any CPU
		{27B8EF42-3F2F-48BA-AA07-6D5DF99FC63F}.Release|iPhoneSimulator.Build.0 = Release|Any CPU
		{27B8EF42-3F2F-48BA-AA07-6D5DF99FC63F}.Release|x64.ActiveCfg = Release|Any CPU
		{27B8EF42-3F2F-48BA-AA07-6D5DF99FC63F}.Release|x64.Build.0 = Release|Any CPU
		{27B8EF42-3F2F-48BA-AA07-6D5DF99FC63F}.Release|x86.ActiveCfg = Release|Any CPU
		{27B8EF42-3F2F-48BA-AA07-6D5DF99FC63F}.Release|x86.Build.0 = Release|Any CPU
		{6DBA454A-5622-4B05-909A-FDDC5410CF22}.Ad-Hoc|Any CPU.ActiveCfg = Release|Any CPU
		{6DBA454A-5622-4B05-909A-FDDC5410CF22}.Ad-Hoc|Any CPU.Build.0 = Release|Any CPU
		{6DBA454A-5622-4B05-909A-FDDC5410CF22}.Ad-Hoc|Any CPU.Deploy.0 = Release|Any CPU
		{6DBA454A-5622-4B05-909A-FDDC5410CF22}.Ad-Hoc|ARM.ActiveCfg = Release|Any CPU
		{6DBA454A-5622-4B05-909A-FDDC5410CF22}.Ad-Hoc|ARM.Build.0 = Release|Any CPU
		{6DBA454A-5622-4B05-909A-FDDC5410CF22}.Ad-Hoc|ARM.Deploy.0 = Release|Any CPU
		{6DBA454A-5622-4B05-909A-FDDC5410CF22}.Ad-Hoc|iPhone.ActiveCfg = Release|Any CPU
		{6DBA454A-5622-4B05-909A-FDDC5410CF22}.Ad-Hoc|iPhone.Build.0 = Release|Any CPU
		{6DBA454A-5622-4B05-909A-FDDC5410CF22}.Ad-Hoc|iPhone.Deploy.0 = Release|Any CPU
		{6DBA454A-5622-4B05-909A-FDDC5410CF22}.Ad-Hoc|iPhoneSimulator.ActiveCfg = Release|Any CPU
		{6DBA454A-5622-4B05-909A-FDDC5410CF22}.Ad-Hoc|iPhoneSimulator.Build.0 = Release|Any CPU
		{6DBA454A-5622-4B05-909A-FDDC5410CF22}.Ad-Hoc|iPhoneSimulator.Deploy.0 = Release|Any CPU
		{6DBA454A-5622-4B05-909A-FDDC5410CF22}.Ad-Hoc|x64.ActiveCfg = Release|Any CPU
		{6DBA454A-5622-4B05-909A-FDDC5410CF22}.Ad-Hoc|x64.Build.0 = Release|Any CPU
		{6DBA454A-5622-4B05-909A-FDDC5410CF22}.Ad-Hoc|x64.Deploy.0 = Release|Any CPU
		{6DBA454A-5622-4B05-909A-FDDC5410CF22}.Ad-Hoc|x86.ActiveCfg = Release|Any CPU
		{6DBA454A-5622-4B05-909A-FDDC5410CF22}.Ad-Hoc|x86.Build.0 = Release|Any CPU
		{6DBA454A-5622-4B05-909A-FDDC5410CF22}.Ad-Hoc|x86.Deploy.0 = Release|Any CPU
		{6DBA454A-5622-4B05-909A-FDDC5410CF22}.AppStore|Any CPU.ActiveCfg = Release|Any CPU
		{6DBA454A-5622-4B05-909A-FDDC5410CF22}.AppStore|Any CPU.Build.0 = Release|Any CPU
		{6DBA454A-5622-4B05-909A-FDDC5410CF22}.AppStore|Any CPU.Deploy.0 = Release|Any CPU
		{6DBA454A-5622-4B05-909A-FDDC5410CF22}.AppStore|ARM.ActiveCfg = Release|Any CPU
		{6DBA454A-5622-4B05-909A-FDDC5410CF22}.AppStore|ARM.Build.0 = Release|Any CPU
		{6DBA454A-5622-4B05-909A-FDDC5410CF22}.AppStore|ARM.Deploy.0 = Release|Any CPU
		{6DBA454A-5622-4B05-909A-FDDC5410CF22}.AppStore|iPhone.ActiveCfg = Release|Any CPU
		{6DBA454A-5622-4B05-909A-FDDC5410CF22}.AppStore|iPhone.Build.0 = Release|Any CPU
		{6DBA454A-5622-4B05-909A-FDDC5410CF22}.AppStore|iPhone.Deploy.0 = Release|Any CPU
		{6DBA454A-5622-4B05-909A-FDDC5410CF22}.AppStore|iPhoneSimulator.ActiveCfg = Release|Any CPU
		{6DBA454A-5622-4B05-909A-FDDC5410CF22}.AppStore|iPhoneSimulator.Build.0 = Release|Any CPU
		{6DBA454A-5622-4B05-909A-FDDC5410CF22}.AppStore|iPhoneSimulator.Deploy.0 = Release|Any CPU
		{6DBA454A-5622-4B05-909A-FDDC5410CF22}.AppStore|x64.ActiveCfg = Release|Any CPU
		{6DBA454A-5622-4B05-909A-FDDC5410CF22}.AppStore|x64.Build.0 = Release|Any CPU
		{6DBA454A-5622-4B05-909A-FDDC5410CF22}.AppStore|x64.Deploy.0 = Release|Any CPU
		{6DBA454A-5622-4B05-909A-FDDC5410CF22}.AppStore|x86.ActiveCfg = Release|Any CPU
		{6DBA454A-5622-4B05-909A-FDDC5410CF22}.AppStore|x86.Build.0 = Release|Any CPU
		{6DBA454A-5622-4B05-909A-FDDC5410CF22}.AppStore|x86.Deploy.0 = Release|Any CPU
		{6DBA454A-5622-4B05-909A-FDDC5410CF22}.Debug|Any CPU.ActiveCfg = Debug|Any CPU
		{6DBA454A-5622-4B05-909A-FDDC5410CF22}.Debug|Any CPU.Build.0 = Debug|Any CPU
		{6DBA454A-5622-4B05-909A-FDDC5410CF22}.Debug|Any CPU.Deploy.0 = Debug|Any CPU
		{6DBA454A-5622-4B05-909A-FDDC5410CF22}.Debug|ARM.ActiveCfg = Debug|Any CPU
		{6DBA454A-5622-4B05-909A-FDDC5410CF22}.Debug|ARM.Build.0 = Debug|Any CPU
		{6DBA454A-5622-4B05-909A-FDDC5410CF22}.Debug|ARM.Deploy.0 = Debug|Any CPU
		{6DBA454A-5622-4B05-909A-FDDC5410CF22}.Debug|iPhone.ActiveCfg = Debug|Any CPU
		{6DBA454A-5622-4B05-909A-FDDC5410CF22}.Debug|iPhone.Build.0 = Debug|Any CPU
		{6DBA454A-5622-4B05-909A-FDDC5410CF22}.Debug|iPhone.Deploy.0 = Debug|Any CPU
		{6DBA454A-5622-4B05-909A-FDDC5410CF22}.Debug|iPhoneSimulator.ActiveCfg = Debug|Any CPU
		{6DBA454A-5622-4B05-909A-FDDC5410CF22}.Debug|iPhoneSimulator.Build.0 = Debug|Any CPU
		{6DBA454A-5622-4B05-909A-FDDC5410CF22}.Debug|iPhoneSimulator.Deploy.0 = Debug|Any CPU
		{6DBA454A-5622-4B05-909A-FDDC5410CF22}.Debug|x64.ActiveCfg = Debug|Any CPU
		{6DBA454A-5622-4B05-909A-FDDC5410CF22}.Debug|x64.Build.0 = Debug|Any CPU
		{6DBA454A-5622-4B05-909A-FDDC5410CF22}.Debug|x64.Deploy.0 = Debug|Any CPU
		{6DBA454A-5622-4B05-909A-FDDC5410CF22}.Debug|x86.ActiveCfg = Debug|Any CPU
		{6DBA454A-5622-4B05-909A-FDDC5410CF22}.Debug|x86.Build.0 = Debug|Any CPU
		{6DBA454A-5622-4B05-909A-FDDC5410CF22}.Debug|x86.Deploy.0 = Debug|Any CPU
		{6DBA454A-5622-4B05-909A-FDDC5410CF22}.Release|Any CPU.ActiveCfg = Release|Any CPU
		{6DBA454A-5622-4B05-909A-FDDC5410CF22}.Release|Any CPU.Build.0 = Release|Any CPU
		{6DBA454A-5622-4B05-909A-FDDC5410CF22}.Release|Any CPU.Deploy.0 = Release|Any CPU
		{6DBA454A-5622-4B05-909A-FDDC5410CF22}.Release|ARM.ActiveCfg = Release|Any CPU
		{6DBA454A-5622-4B05-909A-FDDC5410CF22}.Release|ARM.Build.0 = Release|Any CPU
		{6DBA454A-5622-4B05-909A-FDDC5410CF22}.Release|ARM.Deploy.0 = Release|Any CPU
		{6DBA454A-5622-4B05-909A-FDDC5410CF22}.Release|iPhone.ActiveCfg = Release|Any CPU
		{6DBA454A-5622-4B05-909A-FDDC5410CF22}.Release|iPhone.Build.0 = Release|Any CPU
		{6DBA454A-5622-4B05-909A-FDDC5410CF22}.Release|iPhone.Deploy.0 = Release|Any CPU
		{6DBA454A-5622-4B05-909A-FDDC5410CF22}.Release|iPhoneSimulator.ActiveCfg = Release|Any CPU
		{6DBA454A-5622-4B05-909A-FDDC5410CF22}.Release|iPhoneSimulator.Build.0 = Release|Any CPU
		{6DBA454A-5622-4B05-909A-FDDC5410CF22}.Release|iPhoneSimulator.Deploy.0 = Release|Any CPU
		{6DBA454A-5622-4B05-909A-FDDC5410CF22}.Release|x64.ActiveCfg = Release|Any CPU
		{6DBA454A-5622-4B05-909A-FDDC5410CF22}.Release|x64.Build.0 = Release|Any CPU
		{6DBA454A-5622-4B05-909A-FDDC5410CF22}.Release|x64.Deploy.0 = Release|Any CPU
		{6DBA454A-5622-4B05-909A-FDDC5410CF22}.Release|x86.ActiveCfg = Release|Any CPU
		{6DBA454A-5622-4B05-909A-FDDC5410CF22}.Release|x86.Build.0 = Release|Any CPU
		{6DBA454A-5622-4B05-909A-FDDC5410CF22}.Release|x86.Deploy.0 = Release|Any CPU
		{5FA6782A-B607-460C-8544-7AEC201F2523}.Ad-Hoc|Any CPU.ActiveCfg = Release|Any CPU
		{5FA6782A-B607-460C-8544-7AEC201F2523}.Ad-Hoc|Any CPU.Build.0 = Release|Any CPU
		{5FA6782A-B607-460C-8544-7AEC201F2523}.Ad-Hoc|ARM.ActiveCfg = Release|Any CPU
		{5FA6782A-B607-460C-8544-7AEC201F2523}.Ad-Hoc|ARM.Build.0 = Release|Any CPU
		{5FA6782A-B607-460C-8544-7AEC201F2523}.Ad-Hoc|iPhone.ActiveCfg = Release|Any CPU
		{5FA6782A-B607-460C-8544-7AEC201F2523}.Ad-Hoc|iPhone.Build.0 = Release|Any CPU
		{5FA6782A-B607-460C-8544-7AEC201F2523}.Ad-Hoc|iPhoneSimulator.ActiveCfg = Release|Any CPU
		{5FA6782A-B607-460C-8544-7AEC201F2523}.Ad-Hoc|iPhoneSimulator.Build.0 = Release|Any CPU
		{5FA6782A-B607-460C-8544-7AEC201F2523}.Ad-Hoc|x64.ActiveCfg = Release|Any CPU
		{5FA6782A-B607-460C-8544-7AEC201F2523}.Ad-Hoc|x64.Build.0 = Release|Any CPU
		{5FA6782A-B607-460C-8544-7AEC201F2523}.Ad-Hoc|x86.ActiveCfg = Release|Any CPU
		{5FA6782A-B607-460C-8544-7AEC201F2523}.Ad-Hoc|x86.Build.0 = Release|Any CPU
		{5FA6782A-B607-460C-8544-7AEC201F2523}.AppStore|Any CPU.ActiveCfg = Release|Any CPU
		{5FA6782A-B607-460C-8544-7AEC201F2523}.AppStore|Any CPU.Build.0 = Release|Any CPU
		{5FA6782A-B607-460C-8544-7AEC201F2523}.AppStore|ARM.ActiveCfg = Release|Any CPU
		{5FA6782A-B607-460C-8544-7AEC201F2523}.AppStore|ARM.Build.0 = Release|Any CPU
		{5FA6782A-B607-460C-8544-7AEC201F2523}.AppStore|iPhone.ActiveCfg = Release|Any CPU
		{5FA6782A-B607-460C-8544-7AEC201F2523}.AppStore|iPhone.Build.0 = Release|Any CPU
		{5FA6782A-B607-460C-8544-7AEC201F2523}.AppStore|iPhoneSimulator.ActiveCfg = Release|Any CPU
		{5FA6782A-B607-460C-8544-7AEC201F2523}.AppStore|iPhoneSimulator.Build.0 = Release|Any CPU
		{5FA6782A-B607-460C-8544-7AEC201F2523}.AppStore|x64.ActiveCfg = Release|Any CPU
		{5FA6782A-B607-460C-8544-7AEC201F2523}.AppStore|x64.Build.0 = Release|Any CPU
		{5FA6782A-B607-460C-8544-7AEC201F2523}.AppStore|x86.ActiveCfg = Release|Any CPU
		{5FA6782A-B607-460C-8544-7AEC201F2523}.AppStore|x86.Build.0 = Release|Any CPU
		{5FA6782A-B607-460C-8544-7AEC201F2523}.Debug|Any CPU.ActiveCfg = Debug|Any CPU
		{5FA6782A-B607-460C-8544-7AEC201F2523}.Debug|Any CPU.Build.0 = Debug|Any CPU
		{5FA6782A-B607-460C-8544-7AEC201F2523}.Debug|ARM.ActiveCfg = Debug|Any CPU
		{5FA6782A-B607-460C-8544-7AEC201F2523}.Debug|ARM.Build.0 = Debug|Any CPU
		{5FA6782A-B607-460C-8544-7AEC201F2523}.Debug|iPhone.ActiveCfg = Debug|Any CPU
		{5FA6782A-B607-460C-8544-7AEC201F2523}.Debug|iPhone.Build.0 = Debug|Any CPU
		{5FA6782A-B607-460C-8544-7AEC201F2523}.Debug|iPhoneSimulator.ActiveCfg = Debug|Any CPU
		{5FA6782A-B607-460C-8544-7AEC201F2523}.Debug|iPhoneSimulator.Build.0 = Debug|Any CPU
		{5FA6782A-B607-460C-8544-7AEC201F2523}.Debug|x64.ActiveCfg = Debug|Any CPU
		{5FA6782A-B607-460C-8544-7AEC201F2523}.Debug|x64.Build.0 = Debug|Any CPU
		{5FA6782A-B607-460C-8544-7AEC201F2523}.Debug|x86.ActiveCfg = Debug|Any CPU
		{5FA6782A-B607-460C-8544-7AEC201F2523}.Debug|x86.Build.0 = Debug|Any CPU
		{5FA6782A-B607-460C-8544-7AEC201F2523}.Release|Any CPU.ActiveCfg = Release|Any CPU
		{5FA6782A-B607-460C-8544-7AEC201F2523}.Release|Any CPU.Build.0 = Release|Any CPU
		{5FA6782A-B607-460C-8544-7AEC201F2523}.Release|ARM.ActiveCfg = Release|Any CPU
		{5FA6782A-B607-460C-8544-7AEC201F2523}.Release|ARM.Build.0 = Release|Any CPU
		{5FA6782A-B607-460C-8544-7AEC201F2523}.Release|iPhone.ActiveCfg = Release|Any CPU
		{5FA6782A-B607-460C-8544-7AEC201F2523}.Release|iPhone.Build.0 = Release|Any CPU
		{5FA6782A-B607-460C-8544-7AEC201F2523}.Release|iPhoneSimulator.ActiveCfg = Release|Any CPU
		{5FA6782A-B607-460C-8544-7AEC201F2523}.Release|iPhoneSimulator.Build.0 = Release|Any CPU
		{5FA6782A-B607-460C-8544-7AEC201F2523}.Release|x64.ActiveCfg = Release|Any CPU
		{5FA6782A-B607-460C-8544-7AEC201F2523}.Release|x64.Build.0 = Release|Any CPU
		{5FA6782A-B607-460C-8544-7AEC201F2523}.Release|x86.ActiveCfg = Release|Any CPU
		{5FA6782A-B607-460C-8544-7AEC201F2523}.Release|x86.Build.0 = Release|Any CPU
		{30CFD019-837C-4C70-8F52-EFE3FFB88CEF}.Ad-Hoc|Any CPU.ActiveCfg = Release|x86
		{30CFD019-837C-4C70-8F52-EFE3FFB88CEF}.Ad-Hoc|Any CPU.Build.0 = Release|x86
		{30CFD019-837C-4C70-8F52-EFE3FFB88CEF}.Ad-Hoc|Any CPU.Deploy.0 = Release|x86
		{30CFD019-837C-4C70-8F52-EFE3FFB88CEF}.Ad-Hoc|ARM.ActiveCfg = Release|ARM
		{30CFD019-837C-4C70-8F52-EFE3FFB88CEF}.Ad-Hoc|ARM.Build.0 = Release|ARM
		{30CFD019-837C-4C70-8F52-EFE3FFB88CEF}.Ad-Hoc|ARM.Deploy.0 = Release|ARM
		{30CFD019-837C-4C70-8F52-EFE3FFB88CEF}.Ad-Hoc|iPhone.ActiveCfg = Release|x86
		{30CFD019-837C-4C70-8F52-EFE3FFB88CEF}.Ad-Hoc|iPhone.Build.0 = Release|x86
		{30CFD019-837C-4C70-8F52-EFE3FFB88CEF}.Ad-Hoc|iPhone.Deploy.0 = Release|x86
		{30CFD019-837C-4C70-8F52-EFE3FFB88CEF}.Ad-Hoc|iPhoneSimulator.ActiveCfg = Release|x86
		{30CFD019-837C-4C70-8F52-EFE3FFB88CEF}.Ad-Hoc|iPhoneSimulator.Build.0 = Release|x86
		{30CFD019-837C-4C70-8F52-EFE3FFB88CEF}.Ad-Hoc|iPhoneSimulator.Deploy.0 = Release|x86
		{30CFD019-837C-4C70-8F52-EFE3FFB88CEF}.Ad-Hoc|x64.ActiveCfg = Release|x64
		{30CFD019-837C-4C70-8F52-EFE3FFB88CEF}.Ad-Hoc|x64.Build.0 = Release|x64
		{30CFD019-837C-4C70-8F52-EFE3FFB88CEF}.Ad-Hoc|x64.Deploy.0 = Release|x64
		{30CFD019-837C-4C70-8F52-EFE3FFB88CEF}.Ad-Hoc|x86.ActiveCfg = Release|x86
		{30CFD019-837C-4C70-8F52-EFE3FFB88CEF}.Ad-Hoc|x86.Build.0 = Release|x86
		{30CFD019-837C-4C70-8F52-EFE3FFB88CEF}.Ad-Hoc|x86.Deploy.0 = Release|x86
		{30CFD019-837C-4C70-8F52-EFE3FFB88CEF}.AppStore|Any CPU.ActiveCfg = Release|x86
		{30CFD019-837C-4C70-8F52-EFE3FFB88CEF}.AppStore|Any CPU.Build.0 = Release|x86
		{30CFD019-837C-4C70-8F52-EFE3FFB88CEF}.AppStore|Any CPU.Deploy.0 = Release|x86
		{30CFD019-837C-4C70-8F52-EFE3FFB88CEF}.AppStore|ARM.ActiveCfg = Release|ARM
		{30CFD019-837C-4C70-8F52-EFE3FFB88CEF}.AppStore|ARM.Build.0 = Release|ARM
		{30CFD019-837C-4C70-8F52-EFE3FFB88CEF}.AppStore|ARM.Deploy.0 = Release|ARM
		{30CFD019-837C-4C70-8F52-EFE3FFB88CEF}.AppStore|iPhone.ActiveCfg = Release|x86
		{30CFD019-837C-4C70-8F52-EFE3FFB88CEF}.AppStore|iPhone.Build.0 = Release|x86
		{30CFD019-837C-4C70-8F52-EFE3FFB88CEF}.AppStore|iPhone.Deploy.0 = Release|x86
		{30CFD019-837C-4C70-8F52-EFE3FFB88CEF}.AppStore|iPhoneSimulator.ActiveCfg = Release|x86
		{30CFD019-837C-4C70-8F52-EFE3FFB88CEF}.AppStore|iPhoneSimulator.Build.0 = Release|x86
		{30CFD019-837C-4C70-8F52-EFE3FFB88CEF}.AppStore|iPhoneSimulator.Deploy.0 = Release|x86
		{30CFD019-837C-4C70-8F52-EFE3FFB88CEF}.AppStore|x64.ActiveCfg = Release|x64
		{30CFD019-837C-4C70-8F52-EFE3FFB88CEF}.AppStore|x64.Build.0 = Release|x64
		{30CFD019-837C-4C70-8F52-EFE3FFB88CEF}.AppStore|x64.Deploy.0 = Release|x64
		{30CFD019-837C-4C70-8F52-EFE3FFB88CEF}.AppStore|x86.ActiveCfg = Release|x86
		{30CFD019-837C-4C70-8F52-EFE3FFB88CEF}.AppStore|x86.Build.0 = Release|x86
		{30CFD019-837C-4C70-8F52-EFE3FFB88CEF}.AppStore|x86.Deploy.0 = Release|x86
		{30CFD019-837C-4C70-8F52-EFE3FFB88CEF}.Debug|Any CPU.ActiveCfg = Debug|x86
		{30CFD019-837C-4C70-8F52-EFE3FFB88CEF}.Debug|ARM.ActiveCfg = Debug|ARM
		{30CFD019-837C-4C70-8F52-EFE3FFB88CEF}.Debug|ARM.Build.0 = Debug|ARM
		{30CFD019-837C-4C70-8F52-EFE3FFB88CEF}.Debug|ARM.Deploy.0 = Debug|ARM
		{30CFD019-837C-4C70-8F52-EFE3FFB88CEF}.Debug|iPhone.ActiveCfg = Debug|x86
		{30CFD019-837C-4C70-8F52-EFE3FFB88CEF}.Debug|iPhoneSimulator.ActiveCfg = Debug|x86
		{30CFD019-837C-4C70-8F52-EFE3FFB88CEF}.Debug|x64.ActiveCfg = Debug|x64
		{30CFD019-837C-4C70-8F52-EFE3FFB88CEF}.Debug|x64.Build.0 = Debug|x64
		{30CFD019-837C-4C70-8F52-EFE3FFB88CEF}.Debug|x64.Deploy.0 = Debug|x64
		{30CFD019-837C-4C70-8F52-EFE3FFB88CEF}.Debug|x86.ActiveCfg = Debug|x86
		{30CFD019-837C-4C70-8F52-EFE3FFB88CEF}.Debug|x86.Build.0 = Debug|x86
		{30CFD019-837C-4C70-8F52-EFE3FFB88CEF}.Debug|x86.Deploy.0 = Debug|x86
		{30CFD019-837C-4C70-8F52-EFE3FFB88CEF}.Release|Any CPU.ActiveCfg = Release|x86
		{30CFD019-837C-4C70-8F52-EFE3FFB88CEF}.Release|ARM.ActiveCfg = Release|ARM
		{30CFD019-837C-4C70-8F52-EFE3FFB88CEF}.Release|ARM.Build.0 = Release|ARM
		{30CFD019-837C-4C70-8F52-EFE3FFB88CEF}.Release|ARM.Deploy.0 = Release|ARM
		{30CFD019-837C-4C70-8F52-EFE3FFB88CEF}.Release|iPhone.ActiveCfg = Release|x86
		{30CFD019-837C-4C70-8F52-EFE3FFB88CEF}.Release|iPhoneSimulator.ActiveCfg = Release|x86
		{30CFD019-837C-4C70-8F52-EFE3FFB88CEF}.Release|x64.ActiveCfg = Release|x64
		{30CFD019-837C-4C70-8F52-EFE3FFB88CEF}.Release|x64.Build.0 = Release|x64
		{30CFD019-837C-4C70-8F52-EFE3FFB88CEF}.Release|x64.Deploy.0 = Release|x64
		{30CFD019-837C-4C70-8F52-EFE3FFB88CEF}.Release|x86.ActiveCfg = Release|x86
		{30CFD019-837C-4C70-8F52-EFE3FFB88CEF}.Release|x86.Build.0 = Release|x86
		{30CFD019-837C-4C70-8F52-EFE3FFB88CEF}.Release|x86.Deploy.0 = Release|x86
		{630D35C9-E2B8-4A8F-934C-286DD3A922B5}.Ad-Hoc|Any CPU.ActiveCfg = Ad-Hoc|iPhone
		{630D35C9-E2B8-4A8F-934C-286DD3A922B5}.Ad-Hoc|ARM.ActiveCfg = Ad-Hoc|iPhone
		{630D35C9-E2B8-4A8F-934C-286DD3A922B5}.Ad-Hoc|iPhone.ActiveCfg = Ad-Hoc|iPhone
		{630D35C9-E2B8-4A8F-934C-286DD3A922B5}.Ad-Hoc|iPhone.Build.0 = Ad-Hoc|iPhone
		{630D35C9-E2B8-4A8F-934C-286DD3A922B5}.Ad-Hoc|iPhoneSimulator.ActiveCfg = Ad-Hoc|iPhoneSimulator
		{630D35C9-E2B8-4A8F-934C-286DD3A922B5}.Ad-Hoc|iPhoneSimulator.Build.0 = Ad-Hoc|iPhoneSimulator
		{630D35C9-E2B8-4A8F-934C-286DD3A922B5}.Ad-Hoc|x64.ActiveCfg = Ad-Hoc|iPhone
		{630D35C9-E2B8-4A8F-934C-286DD3A922B5}.Ad-Hoc|x86.ActiveCfg = Ad-Hoc|iPhone
		{630D35C9-E2B8-4A8F-934C-286DD3A922B5}.AppStore|Any CPU.ActiveCfg = AppStore|iPhone
		{630D35C9-E2B8-4A8F-934C-286DD3A922B5}.AppStore|ARM.ActiveCfg = AppStore|iPhone
		{630D35C9-E2B8-4A8F-934C-286DD3A922B5}.AppStore|iPhone.ActiveCfg = AppStore|iPhone
		{630D35C9-E2B8-4A8F-934C-286DD3A922B5}.AppStore|iPhone.Build.0 = AppStore|iPhone
		{630D35C9-E2B8-4A8F-934C-286DD3A922B5}.AppStore|iPhoneSimulator.ActiveCfg = AppStore|iPhoneSimulator
		{630D35C9-E2B8-4A8F-934C-286DD3A922B5}.AppStore|iPhoneSimulator.Build.0 = AppStore|iPhoneSimulator
		{630D35C9-E2B8-4A8F-934C-286DD3A922B5}.AppStore|x64.ActiveCfg = AppStore|iPhone
		{630D35C9-E2B8-4A8F-934C-286DD3A922B5}.AppStore|x86.ActiveCfg = AppStore|iPhone
		{630D35C9-E2B8-4A8F-934C-286DD3A922B5}.Debug|Any CPU.ActiveCfg = Debug|iPhone
		{630D35C9-E2B8-4A8F-934C-286DD3A922B5}.Debug|ARM.ActiveCfg = Debug|iPhone
		{630D35C9-E2B8-4A8F-934C-286DD3A922B5}.Debug|iPhone.ActiveCfg = Debug|iPhone
		{630D35C9-E2B8-4A8F-934C-286DD3A922B5}.Debug|iPhone.Build.0 = Debug|iPhone
		{630D35C9-E2B8-4A8F-934C-286DD3A922B5}.Debug|iPhoneSimulator.ActiveCfg = Debug|iPhoneSimulator
		{630D35C9-E2B8-4A8F-934C-286DD3A922B5}.Debug|iPhoneSimulator.Build.0 = Debug|iPhoneSimulator
		{630D35C9-E2B8-4A8F-934C-286DD3A922B5}.Debug|x64.ActiveCfg = Debug|iPhone
		{630D35C9-E2B8-4A8F-934C-286DD3A922B5}.Debug|x86.ActiveCfg = Debug|iPhone
		{630D35C9-E2B8-4A8F-934C-286DD3A922B5}.Release|Any CPU.ActiveCfg = Release|iPhone
		{630D35C9-E2B8-4A8F-934C-286DD3A922B5}.Release|ARM.ActiveCfg = Release|iPhone
		{630D35C9-E2B8-4A8F-934C-286DD3A922B5}.Release|iPhone.ActiveCfg = Release|iPhone
		{630D35C9-E2B8-4A8F-934C-286DD3A922B5}.Release|iPhone.Build.0 = Release|iPhone
		{630D35C9-E2B8-4A8F-934C-286DD3A922B5}.Release|iPhoneSimulator.ActiveCfg = Release|iPhoneSimulator
		{630D35C9-E2B8-4A8F-934C-286DD3A922B5}.Release|iPhoneSimulator.Build.0 = Release|iPhoneSimulator
		{630D35C9-E2B8-4A8F-934C-286DD3A922B5}.Release|x64.ActiveCfg = Release|iPhone
		{630D35C9-E2B8-4A8F-934C-286DD3A922B5}.Release|x86.ActiveCfg = Release|iPhone
	EndGlobalSection
	GlobalSection(SolutionProperties) = preSolution
		HideSolutionNode = FALSE
	EndGlobalSection
EndGlobal
